
Microsoft Visual Studio Solution File, Format Version 12.00
# Visual Studio Version 16
VisualStudioVersion = 16.0.29519.181
MinimumVisualStudioVersion = 10.0.40219.1
Project("{FAE04EC0-301F-11D3-BF4B-00C04F79EFBC}") = "1_분기문을피하자2", "1_분기문을피하자2\1_분기문을피하자2.csproj", "{8F931B76-79EE-4CB1-BA28-9E095F545ED8}"
EndProject
Project("{FAE04EC0-301F-11D3-BF4B-00C04F79EFBC}") = "1_분기문을피하자", "1_분기문을피하자\1_분기문을피하자.csproj", "{8846501C-ACC7-48D0-A4A7-E23C57806D6F}"
EndProject
Project("{FAE04EC0-301F-11D3-BF4B-00C04F79EFBC}") = "1_분기문을피하자3", "1_분기문을피하자3\1_분기문을피하자3.csproj", "{1F5AA491-5673-4144-A464-0A8B5B543906}"
EndProject
Project("{FAE04EC0-301F-11D3-BF4B-00C04F79EFBC}") = "2_abstract_vs_interface", "2_abstract_vs_interface\2_abstract_vs_interface.csproj", "{A06F680B-409A-4C62-8EF2-4813CFE479A7}"
EndProject
Project("{FAE04EC0-301F-11D3-BF4B-00C04F79EFBC}") = "부록1_Csharp_Event_그리고_Delegate", "부록1_Csharp_Event_그리고_Delegate\부록1_Csharp_Event_그리고_Delegate.csproj", "{BCC8BD9D-0311-4D73-ACC8-CA046098420C}"
EndProject
Project("{FAE04EC0-301F-11D3-BF4B-00C04F79EFBC}") = "3_객체간_통신을_하는_법,Observer", "3_객체간_통신을_하는_법,Observer\3_객체간_통신을_하는_법,Observer.csproj", "{76CAF696-69FF-4CD9-B7EA-14D925DFF1C7}"
EndProject
Project("{FAE04EC0-301F-11D3-BF4B-00C04F79EFBC}") = "부록2_Covariant_and_Contravariant", "부록2_Covariant_and_Contravariant\부록2_Covariant_and_Contravariant.csproj", "{9493F7F9-9338-4D79-8414-EFA5CD5E5EC9}"
EndProject
Project("{FAE04EC0-301F-11D3-BF4B-00C04F79EFBC}") = "4_decoratorPattern", "4_decoratorPattern\4_decoratorPattern.csproj", "{396AF973-9DBF-4257-8B7A-0DFB4A192A5C}"
EndProject
Project("{FAE04EC0-301F-11D3-BF4B-00C04F79EFBC}") = "5_AbstractFactoryPattern", "5_AbstractFactoryPattern\5_AbstractFactoryPattern.csproj", "{77DDF6B7-D0D9-43C6-8805-0B4C3B706379}"
EndProject
Project("{9A19103F-16F7-4668-BE54-9A1E7A4F7556}") = "6_BuilderPattern", "6_BuilderPattern\6_BuilderPattern.csproj", "{9725C69D-8CC6-40F8-8D3C-D8E0D7C1B4CB}"
EndProject
Project("{FAE04EC0-301F-11D3-BF4B-00C04F79EFBC}") = "부록3_Delegate_and_weakReference", "부록3_Delegate_그리고_Action_with_an_object_not_a_method\부록3_Delegate_and_weakReference.csproj", "{6BF4FD0F-C79E-40E8-9393-D77D7450B8C2}"
EndProject
Global
	GlobalSection(SolutionConfigurationPlatforms) = preSolution
		Debug|Any CPU = Debug|Any CPU
		Release|Any CPU = Release|Any CPU
	EndGlobalSection
	GlobalSection(ProjectConfigurationPlatforms) = postSolution
		{8F931B76-79EE-4CB1-BA28-9E095F545ED8}.Debug|Any CPU.ActiveCfg = Debug|Any CPU
		{8F931B76-79EE-4CB1-BA28-9E095F545ED8}.Debug|Any CPU.Build.0 = Debug|Any CPU
		{8F931B76-79EE-4CB1-BA28-9E095F545ED8}.Release|Any CPU.ActiveCfg = Release|Any CPU
		{8F931B76-79EE-4CB1-BA28-9E095F545ED8}.Release|Any CPU.Build.0 = Release|Any CPU
		{8846501C-ACC7-48D0-A4A7-E23C57806D6F}.Debug|Any CPU.ActiveCfg = Debug|Any CPU
		{8846501C-ACC7-48D0-A4A7-E23C57806D6F}.Debug|Any CPU.Build.0 = Debug|Any CPU
		{8846501C-ACC7-48D0-A4A7-E23C57806D6F}.Release|Any CPU.ActiveCfg = Release|Any CPU
		{8846501C-ACC7-48D0-A4A7-E23C57806D6F}.Release|Any CPU.Build.0 = Release|Any CPU
		{1F5AA491-5673-4144-A464-0A8B5B543906}.Debug|Any CPU.ActiveCfg = Debug|Any CPU
		{1F5AA491-5673-4144-A464-0A8B5B543906}.Debug|Any CPU.Build.0 = Debug|Any CPU
		{1F5AA491-5673-4144-A464-0A8B5B543906}.Release|Any CPU.ActiveCfg = Release|Any CPU
		{1F5AA491-5673-4144-A464-0A8B5B543906}.Release|Any CPU.Build.0 = Release|Any CPU
		{A06F680B-409A-4C62-8EF2-4813CFE479A7}.Debug|Any CPU.ActiveCfg = Debug|Any CPU
		{A06F680B-409A-4C62-8EF2-4813CFE479A7}.Debug|Any CPU.Build.0 = Debug|Any CPU
		{A06F680B-409A-4C62-8EF2-4813CFE479A7}.Release|Any CPU.ActiveCfg = Release|Any CPU
		{A06F680B-409A-4C62-8EF2-4813CFE479A7}.Release|Any CPU.Build.0 = Release|Any CPU
		{BCC8BD9D-0311-4D73-ACC8-CA046098420C}.Debug|Any CPU.ActiveCfg = Debug|Any CPU
		{BCC8BD9D-0311-4D73-ACC8-CA046098420C}.Debug|Any CPU.Build.0 = Debug|Any CPU
		{BCC8BD9D-0311-4D73-ACC8-CA046098420C}.Release|Any CPU.ActiveCfg = Release|Any CPU
		{BCC8BD9D-0311-4D73-ACC8-CA046098420C}.Release|Any CPU.Build.0 = Release|Any CPU
		{76CAF696-69FF-4CD9-B7EA-14D925DFF1C7}.Debug|Any CPU.ActiveCfg = Debug|Any CPU
		{76CAF696-69FF-4CD9-B7EA-14D925DFF1C7}.Debug|Any CPU.Build.0 = Debug|Any CPU
		{76CAF696-69FF-4CD9-B7EA-14D925DFF1C7}.Release|Any CPU.ActiveCfg = Release|Any CPU
		{76CAF696-69FF-4CD9-B7EA-14D925DFF1C7}.Release|Any CPU.Build.0 = Release|Any CPU
		{9493F7F9-9338-4D79-8414-EFA5CD5E5EC9}.Debug|Any CPU.ActiveCfg = Debug|Any CPU
		{9493F7F9-9338-4D79-8414-EFA5CD5E5EC9}.Debug|Any CPU.Build.0 = Debug|Any CPU
		{9493F7F9-9338-4D79-8414-EFA5CD5E5EC9}.Release|Any CPU.ActiveCfg = Release|Any CPU
		{9493F7F9-9338-4D79-8414-EFA5CD5E5EC9}.Release|Any CPU.Build.0 = Release|Any CPU
		{396AF973-9DBF-4257-8B7A-0DFB4A192A5C}.Debug|Any CPU.ActiveCfg = Debug|Any CPU
		{396AF973-9DBF-4257-8B7A-0DFB4A192A5C}.Debug|Any CPU.Build.0 = Debug|Any CPU
		{396AF973-9DBF-4257-8B7A-0DFB4A192A5C}.Release|Any CPU.ActiveCfg = Release|Any CPU
		{396AF973-9DBF-4257-8B7A-0DFB4A192A5C}.Release|Any CPU.Build.0 = Release|Any CPU
		{77DDF6B7-D0D9-43C6-8805-0B4C3B706379}.Debug|Any CPU.ActiveCfg = Debug|Any CPU
		{77DDF6B7-D0D9-43C6-8805-0B4C3B706379}.Debug|Any CPU.Build.0 = Debug|Any CPU
		{77DDF6B7-D0D9-43C6-8805-0B4C3B706379}.Release|Any CPU.ActiveCfg = Release|Any CPU
		{77DDF6B7-D0D9-43C6-8805-0B4C3B706379}.Release|Any CPU.Build.0 = Release|Any CPU
		{9725C69D-8CC6-40F8-8D3C-D8E0D7C1B4CB}.Debug|Any CPU.ActiveCfg = Debug|Any CPU
		{9725C69D-8CC6-40F8-8D3C-D8E0D7C1B4CB}.Debug|Any CPU.Build.0 = Debug|Any CPU
		{9725C69D-8CC6-40F8-8D3C-D8E0D7C1B4CB}.Release|Any CPU.ActiveCfg = Release|Any CPU
		{9725C69D-8CC6-40F8-8D3C-D8E0D7C1B4CB}.Release|Any CPU.Build.0 = Release|Any CPU
		{6BF4FD0F-C79E-40E8-9393-D77D7450B8C2}.Debug|Any CPU.ActiveCfg = Debug|Any CPU
		{6BF4FD0F-C79E-40E8-9393-D77D7450B8C2}.Debug|Any CPU.Build.0 = Debug|Any CPU
		{6BF4FD0F-C79E-40E8-9393-D77D7450B8C2}.Release|Any CPU.ActiveCfg = Release|Any CPU
		{6BF4FD0F-C79E-40E8-9393-D77D7450B8C2}.Release|Any CPU.Build.0 = Release|Any CPU
	EndGlobalSection
	GlobalSection(SolutionProperties) = preSolution
		HideSolutionNode = FALSE
	EndGlobalSection
	GlobalSection(ExtensibilityGlobals) = postSolution
		SolutionGuid = {EFE521FA-5EAB-4407-840A-51B475E617F5}
	EndGlobalSection
EndGlobal
